
Microsoft Visual Studio Solution File, Format Version 12.00
# Visual Studio Version 16
VisualStudioVersion = 16.0.31424.327
MinimumVisualStudioVersion = 10.0.40219.1
Project("{FAE04EC0-301F-11D3-BF4B-00C04F79EFBC}") = "Project1-Angular", "Project1-Angular.csproj", "{A28E87C8-DF07-4956-8BFA-4EF9FA922EB5}"
EndProject
Global
	GlobalSection(SolutionConfigurationPlatforms) = preSolution
		Debug|Any CPU = Debug|Any CPU
		Release|Any CPU = Release|Any CPU
	EndGlobalSection
	GlobalSection(ProjectConfigurationPlatforms) = postSolution
		{A28E87C8-DF07-4956-8BFA-4EF9FA922EB5}.Debug|Any CPU.ActiveCfg = Debug|Any CPU
		{A28E87C8-DF07-4956-8BFA-4EF9FA922EB5}.Debug|Any CPU.Build.0 = Debug|Any CPU
		{A28E87C8-DF07-4956-8BFA-4EF9FA922EB5}.Release|Any CPU.ActiveCfg = Release|Any CPU
		{A28E87C8-DF07-4956-8BFA-4EF9FA922EB5}.Release|Any CPU.Build.0 = Release|Any CPU
	EndGlobalSection
	GlobalSection(SolutionProperties) = preSolution
		HideSolutionNode = FALSE
	EndGlobalSection
	GlobalSection(ExtensibilityGlobals) = postSolution
		SolutionGuid = {2C988745-59AE-44B3-B078-A4555E4E6F00}
	EndGlobalSection
EndGlobal
